
Microsoft Visual Studio Solution File, Format Version 12.00
# Visual Studio Version 16
VisualStudioVersion = 16.0.29306.81
MinimumVisualStudioVersion = 10.0.40219.1
Project("{FAE04EC0-301F-11D3-BF4B-00C04F79EFBC}") = "Airline-app", "Airline-app\Airline-app.csproj", "{0A9D765B-44D2-47C8-B0B6-2724F3D35954}"
EndProject
Global
	GlobalSection(SolutionConfigurationPlatforms) = preSolution
		Debug|Any CPU = Debug|Any CPU
		Release|Any CPU = Release|Any CPU
	EndGlobalSection
	GlobalSection(ProjectConfigurationPlatforms) = postSolution
		{0A9D765B-44D2-47C8-B0B6-2724F3D35954}.Debug|Any CPU.ActiveCfg = Debug|Any CPU
		{0A9D765B-44D2-47C8-B0B6-2724F3D35954}.Debug|Any CPU.Build.0 = Debug|Any CPU
		{0A9D765B-44D2-47C8-B0B6-2724F3D35954}.Release|Any CPU.ActiveCfg = Release|Any CPU
		{0A9D765B-44D2-47C8-B0B6-2724F3D35954}.Release|Any CPU.Build.0 = Release|Any CPU
	EndGlobalSection
	GlobalSection(SolutionProperties) = preSolution
		HideSolutionNode = FALSE
	EndGlobalSection
	GlobalSection(ExtensibilityGlobals) = postSolution
		SolutionGuid = {E5CAFD33-F837-4241-9D9C-5140BC3956C7}
	EndGlobalSection
EndGlobal
